
Microsoft Visual Studio Solution File, Format Version 12.00
# Visual Studio Version 17
VisualStudioVersion = 17.14.36811.4 d17.14
MinimumVisualStudioVersion = 10.0.40219.1
Project("{FAE04EC0-301F-11D3-BF4B-00C04F79EFBC}") = "PharmacyManagement.Api", "PharmacyManagement.Api.csproj", "{B71ED5E6-CF0A-4F9F-771E-90CAE0731C7B}"
EndProject
Global
	GlobalSection(SolutionConfigurationPlatforms) = preSolution
		Debug|Any CPU = Debug|Any CPU
		Release|Any CPU = Release|Any CPU
	EndGlobalSection
	GlobalSection(ProjectConfigurationPlatforms) = postSolution
		{B71ED5E6-CF0A-4F9F-771E-90CAE0731C7B}.Debug|Any CPU.ActiveCfg = Debug|Any CPU
		{B71ED5E6-CF0A-4F9F-771E-90CAE0731C7B}.Debug|Any CPU.Build.0 = Debug|Any CPU
		{B71ED5E6-CF0A-4F9F-771E-90CAE0731C7B}.Release|Any CPU.ActiveCfg = Release|Any CPU
		{B71ED5E6-CF0A-4F9F-771E-90CAE0731C7B}.Release|Any CPU.Build.0 = Release|Any CPU
	EndGlobalSection
	GlobalSection(SolutionProperties) = preSolution
		HideSolutionNode = FALSE
	EndGlobalSection
	GlobalSection(ExtensibilityGlobals) = postSolution
		SolutionGuid = {C5E4EFFA-8851-4BFC-BD04-6057E5E79E04}
	EndGlobalSection
EndGlobal
